# THIS IS AN AUTOGENERATED FILE. DO NOT EDIT THIS FILE DIRECTLY.
# yarn lockfile v1
colors@0.6.0-1:
  version "0.6.0-1"
  resolved "https://registry.yarnpkg.com/colors/-/colors-0.6.0-1.tgz#6dbb68ceb8bc60f2b313dcc5ce1599f06d19e67a"

custom-logger:
  version "0.3.1"
  resolved "https://registry.yarnpkg.com/custom-logger/-/custom-logger-0.3.1.tgz#0844d44c9435631c38d7239724db8af6f0baee64"
  dependencies:
    colors "0.6.0-1"
    dateformat "1.0.2-1.2.3"

dateformat@1.0.2-1.2.3:
  version "1.0.2-1.2.3"
  resolved "https://registry.yarnpkg.com/dateformat/-/dateformat-1.0.2-1.2.3.tgz#b0220c02de98617433b72851cf47de3df2cdbee9"

jcmp-stubs:
  version "2.6.0"
  resolved "https://registry.yarnpkg.com/jcmp-stubs/-/jcmp-stubs-2.6.0.tgz#fa11f7d550f06c4347a7273a6652a44eba4d73ac"

